
Microsoft Visual Studio Solution File, Format Version 12.00
Project("{FAE04EC0-301F-11D3-BF4B-00C04F79EFBC}") = "CloudDisksAggregator", "CloudDisksAggregator\CloudDisksAggregator.csproj", "{F854CF81-453B-407F-8DB4-15D2EEF73F0B}"
EndProject
Project("{FAE04EC0-301F-11D3-BF4B-00C04F79EFBC}") = "CloudDisksAggregatorUI", "CloudDisksAggregatorUI\CloudDisksAggregatorUI.csproj", "{8DD9ABF6-F57E-4D1F-80FB-BBBBCA1E1D63}"
EndProject
Project("{FAE04EC0-301F-11D3-BF4B-00C04F79EFBC}") = "CloudDisksAggregatorTests", "CloudDisksAggregatorTests\CloudDisksAggregatorTests.csproj", "{D5CDBD09-7DEA-44B8-9BCD-64D8A4A1BC2D}"
EndProject
Project("{FAE04EC0-301F-11D3-BF4B-00C04F79EFBC}") = "CloudDisksAggregatorInfrastructure", "CloudDisksAggregatorInfrastructure\CloudDisksAggregatorInfrastructure.csproj", "{68246812-6D74-4709-AD17-B20279E37DA4}"
EndProject
Global
	GlobalSection(SolutionConfigurationPlatforms) = preSolution
		Debug|Any CPU = Debug|Any CPU
		Release|Any CPU = Release|Any CPU
	EndGlobalSection
	GlobalSection(ProjectConfigurationPlatforms) = postSolution
		{F854CF81-453B-407F-8DB4-15D2EEF73F0B}.Debug|Any CPU.ActiveCfg = Debug|Any CPU
		{F854CF81-453B-407F-8DB4-15D2EEF73F0B}.Debug|Any CPU.Build.0 = Debug|Any CPU
		{F854CF81-453B-407F-8DB4-15D2EEF73F0B}.Release|Any CPU.ActiveCfg = Release|Any CPU
		{F854CF81-453B-407F-8DB4-15D2EEF73F0B}.Release|Any CPU.Build.0 = Release|Any CPU
		{8DD9ABF6-F57E-4D1F-80FB-BBBBCA1E1D63}.Debug|Any CPU.ActiveCfg = Debug|Any CPU
		{8DD9ABF6-F57E-4D1F-80FB-BBBBCA1E1D63}.Debug|Any CPU.Build.0 = Debug|Any CPU
		{8DD9ABF6-F57E-4D1F-80FB-BBBBCA1E1D63}.Release|Any CPU.ActiveCfg = Release|Any CPU
		{8DD9ABF6-F57E-4D1F-80FB-BBBBCA1E1D63}.Release|Any CPU.Build.0 = Release|Any CPU
		{D5CDBD09-7DEA-44B8-9BCD-64D8A4A1BC2D}.Debug|Any CPU.ActiveCfg = Debug|Any CPU
		{D5CDBD09-7DEA-44B8-9BCD-64D8A4A1BC2D}.Debug|Any CPU.Build.0 = Debug|Any CPU
		{D5CDBD09-7DEA-44B8-9BCD-64D8A4A1BC2D}.Release|Any CPU.ActiveCfg = Release|Any CPU
		{D5CDBD09-7DEA-44B8-9BCD-64D8A4A1BC2D}.Release|Any CPU.Build.0 = Release|Any CPU
		{68246812-6D74-4709-AD17-B20279E37DA4}.Debug|Any CPU.ActiveCfg = Debug|Any CPU
		{68246812-6D74-4709-AD17-B20279E37DA4}.Debug|Any CPU.Build.0 = Debug|Any CPU
		{68246812-6D74-4709-AD17-B20279E37DA4}.Release|Any CPU.ActiveCfg = Release|Any CPU
		{68246812-6D74-4709-AD17-B20279E37DA4}.Release|Any CPU.Build.0 = Release|Any CPU
	EndGlobalSection
EndGlobal
